
Microsoft Visual Studio Solution File, Format Version 12.00
# Visual Studio Version 17
VisualStudioVersion = 17.6.33723.286
MinimumVisualStudioVersion = 10.0.40219.1
Project("{FAE04EC0-301F-11D3-BF4B-00C04F79EFBC}") = "PL", "PL\PL.csproj", "{35210124-564E-4F8E-9637-71177EBFA75F}"
EndProject
Project("{FAE04EC0-301F-11D3-BF4B-00C04F79EFBC}") = "prueba", "prueba\prueba.csproj", "{5B2B995F-07B1-4583-BBFA-12A6DDF9C1DA}"
EndProject
Project("{FAE04EC0-301F-11D3-BF4B-00C04F79EFBC}") = "BL", "BL\BL.csproj", "{21A62016-9F7F-495A-B738-DD9ACA11177A}"
EndProject
Global
	GlobalSection(SolutionConfigurationPlatforms) = preSolution
		Debug|Any CPU = Debug|Any CPU
		Release|Any CPU = Release|Any CPU
	EndGlobalSection
	GlobalSection(ProjectConfigurationPlatforms) = postSolution
		{35210124-564E-4F8E-9637-71177EBFA75F}.Debug|Any CPU.ActiveCfg = Debug|Any CPU
		{35210124-564E-4F8E-9637-71177EBFA75F}.Debug|Any CPU.Build.0 = Debug|Any CPU
		{35210124-564E-4F8E-9637-71177EBFA75F}.Release|Any CPU.ActiveCfg = Release|Any CPU
		{35210124-564E-4F8E-9637-71177EBFA75F}.Release|Any CPU.Build.0 = Release|Any CPU
		{5B2B995F-07B1-4583-BBFA-12A6DDF9C1DA}.Debug|Any CPU.ActiveCfg = Debug|Any CPU
		{5B2B995F-07B1-4583-BBFA-12A6DDF9C1DA}.Debug|Any CPU.Build.0 = Debug|Any CPU
		{5B2B995F-07B1-4583-BBFA-12A6DDF9C1DA}.Release|Any CPU.ActiveCfg = Release|Any CPU
		{5B2B995F-07B1-4583-BBFA-12A6DDF9C1DA}.Release|Any CPU.Build.0 = Release|Any CPU
		{21A62016-9F7F-495A-B738-DD9ACA11177A}.Debug|Any CPU.ActiveCfg = Debug|Any CPU
		{21A62016-9F7F-495A-B738-DD9ACA11177A}.Debug|Any CPU.Build.0 = Debug|Any CPU
		{21A62016-9F7F-495A-B738-DD9ACA11177A}.Release|Any CPU.ActiveCfg = Release|Any CPU
		{21A62016-9F7F-495A-B738-DD9ACA11177A}.Release|Any CPU.Build.0 = Release|Any CPU
	EndGlobalSection
	GlobalSection(SolutionProperties) = preSolution
		HideSolutionNode = FALSE
	EndGlobalSection
	GlobalSection(ExtensibilityGlobals) = postSolution
		SolutionGuid = {D04001AA-1CBF-49A2-ABCD-19A4A174F1FC}
	EndGlobalSection
EndGlobal
